<?xml version="1.0" encoding="utf-8"?>
<Project ToolsVersion="4.0" xmlns="http://schemas.microsoft.com/developer/msbuild/2003">
  <ItemGroup>
    <ClCompile Include="const.cpp" />
    <ClCompile Include="main.cpp" />
    <ClCompile Include="src\game\breakout_components.cpp" />
    <ClCompile Include="src\game\breakout_game.cpp" />
    <ClCompile Include="src\game\image_process.cpp" />
    <ClCompile Include="src\game\menu.cpp" />
    <ClCompile Include="src\game\puzzle_game.cpp" />
    <ClCompile Include="src\math\collision_detection.cpp" />
    <ClCompile Include="src\object\breakout_object.cpp" />
    <ClCompile Include="src\object\object.cpp" />
    <ClCompile Include="src\util\color_palette.cpp" />
    <ClCompile Include="src\util\timer.cpp" />
  </ItemGroup>
  <ItemGroup>
    <ClInclude Include="const.h" />
    <ClInclude Include="include\game\breakout_components.h" />
    <ClInclude Include="include\game\breakout_game.h" />
    <ClInclude Include="include\game\first_game.h" />
    <ClInclude Include="include\game\fps.h" />
    <ClInclude Include="include\game\game.h" />
    <ClInclude Include="include\game\image_process.h" />
    <ClInclude Include="include\game\menu.h" />
    <ClInclude Include="include\game\puzzle_game.h" />
    <ClInclude Include="include\game\single_player_game.h" />
    <ClInclude Include="include\input\input.h" />
    <ClInclude Include="include\math\collision_detection.h" />
    <ClInclude Include="include\math\math_util.h" />
    <ClInclude Include="include\moving\moving.h" />
    <ClInclude Include="include\object\block_object.h" />
    <ClInclude Include="include\object\object.h" />
    <ClInclude Include="include\object\shape.h" />
    <ClInclude Include="include\object\units.h" />
    <ClInclude Include="include\util\breakout_params.h" />
    <ClInclude Include="include\util\color_palette.h" />
    <ClInclude Include="include\util\timer.h" />
    <ClInclude Include="include\util\util.h" />
    <ClInclude Include="main.h" />
    <ClInclude Include="include\moving\moving_behavior.h" />
    <ClInclude Include="include\moving\newton_behavior.h" />
    <ClInclude Include="include\moving\spring_behavior.h" />
    <ClInclude Include="include\util\score.h" />
    <ClInclude Include="include\moving\random_behavior.h" />
    <ClInclude Include="include\object\breakout_object.h" />
    <ClInclude Include="include\object\breakout_enemy.h" />
  </ItemGroup>
</Project>